// !$*UTF8*$!
{
	archiveVersion = 1;
	classes = {
	};
	objectVersion = 50;
	objects = {

/* Begin PBXBuildFile section */
		1609261D21E0EB0400650707 /* BaseVM.swift in Sources */ = {isa = PBXBuildFile; fileRef = 1609261C21E0EB0400650707 /* BaseVM.swift */; };
		1609263221FB261500AD8CE3 /* BackendLogic.swift in Sources */ = {isa = PBXBuildFile; fileRef = 1609263121FB261500AD8CE3 /* BackendLogic.swift */; };
		1609E7EA21DF598600306676 /* CatalogVC.swift in Sources */ = {isa = PBXBuildFile; fileRef = 1609E7E921DF598600306676 /* CatalogVC.swift */; };
		1609E7EC21DF612600306676 /* CatalogListCell.swift in Sources */ = {isa = PBXBuildFile; fileRef = 1609E7EB21DF612600306676 /* CatalogListCell.swift */; };
		160C002321FB734900C8C44F /* FilterModel2.swift in Sources */ = {isa = PBXBuildFile; fileRef = 160C002221FB734900C8C44F /* FilterModel2.swift */; };
		1611908E21DDF8CB00E3CB93 /* UIView+Ext.swift in Sources */ = {isa = PBXBuildFile; fileRef = 1611908D21DDF8CB00E3CB93 /* UIView+Ext.swift */; };
		1611909021DDFEB300E3CB93 /* Assets.xcassets in Resources */ = {isa = PBXBuildFile; fileRef = 1611908F21DDFEB300E3CB93 /* Assets.xcassets */; };
		1611909221DE231400E3CB93 /* DiscountLabel.swift in Sources */ = {isa = PBXBuildFile; fileRef = 1611909121DE231400E3CB93 /* DiscountLabel.swift */; };
		1615B26E21DCF9EC00E84801 /* CatalogVM.swift in Sources */ = {isa = PBXBuildFile; fileRef = 1615B26D21DCF9EC00E84801 /* CatalogVM.swift */; };
		1615B27021DCFC8600E84801 /* CatalogModel.swift in Sources */ = {isa = PBXBuildFile; fileRef = 1615B26F21DCFC8600E84801 /* CatalogModel.swift */; };
		1615B27321DD003C00E84801 /* CatalogCoord.swift in Sources */ = {isa = PBXBuildFile; fileRef = 1615B27221DD003C00E84801 /* CatalogCoord.swift */; };
		1617B56821E34B5400FFE2DA /* FilterVC.swift in Sources */ = {isa = PBXBuildFile; fileRef = 1617B56721E34B5400FFE2DA /* FilterVC.swift */; };
		1617B56A21E34BBF00FFE2DA /* FilterVM.swift in Sources */ = {isa = PBXBuildFile; fileRef = 1617B56921E34BBF00FFE2DA /* FilterVM.swift */; };
		1617B56D21E351CE00FFE2DA /* FilterCell.swift in Sources */ = {isa = PBXBuildFile; fileRef = 1617B56C21E351CE00FFE2DA /* FilterCell.swift */; };
		1617B56F21E3532F00FFE2DA /* FilterCoord.swift in Sources */ = {isa = PBXBuildFile; fileRef = 1617B56E21E3532F00FFE2DA /* FilterCoord.swift */; };
		1617B57121E3BEDF00FFE2DA /* FilterCellSelect.swift in Sources */ = {isa = PBXBuildFile; fileRef = 1617B57021E3BEDF00FFE2DA /* FilterCellSelect.swift */; };
		1617B57321E3F12D00FFE2DA /* SubFilterSelectVC.swift in Sources */ = {isa = PBXBuildFile; fileRef = 1617B57221E3F12D00FFE2DA /* SubFilterSelectVC.swift */; };
		1617B57521E3F1A200FFE2DA /* SubFilterSelectCell.swift in Sources */ = {isa = PBXBuildFile; fileRef = 1617B57421E3F1A200FFE2DA /* SubFilterSelectCell.swift */; };
		1617B57721E3F20000FFE2DA /* SubFilterVM.swift in Sources */ = {isa = PBXBuildFile; fileRef = 1617B57621E3F20000FFE2DA /* SubFilterVM.swift */; };
		1617B57921E3F28600FFE2DA /* SubFilterCoord.swift in Sources */ = {isa = PBXBuildFile; fileRef = 1617B57821E3F28600FFE2DA /* SubFilterCoord.swift */; };
		161A440021F740E400D16F1E /* NetworkMgt.swift in Sources */ = {isa = PBXBuildFile; fileRef = 161A43FF21F740E400D16F1E /* NetworkMgt.swift */; };
		161AC87521DB6B080078F020 /* AppDelegate.swift in Sources */ = {isa = PBXBuildFile; fileRef = 161AC87421DB6B080078F020 /* AppDelegate.swift */; };
		161AC87721DB6B080078F020 /* ViewController.swift in Sources */ = {isa = PBXBuildFile; fileRef = 161AC87621DB6B080078F020 /* ViewController.swift */; };
		161AC87A21DB6B080078F020 /* Main.storyboard in Resources */ = {isa = PBXBuildFile; fileRef = 161AC87821DB6B080078F020 /* Main.storyboard */; };
		161AC87F21DB6B090078F020 /* LaunchScreen.storyboard in Resources */ = {isa = PBXBuildFile; fileRef = 161AC87D21DB6B090078F020 /* LaunchScreen.storyboard */; };
		161AC88A21DB6B090078F020 /* MvvMcoordTests.swift in Sources */ = {isa = PBXBuildFile; fileRef = 161AC88921DB6B090078F020 /* MvvMcoordTests.swift */; };
		161AC89521DB6B090078F020 /* MvvMcoordUITests.swift in Sources */ = {isa = PBXBuildFile; fileRef = 161AC89421DB6B090078F020 /* MvvMcoordUITests.swift */; };
		161AC8A321DB6B950078F020 /* CategoryCoord.swift in Sources */ = {isa = PBXBuildFile; fileRef = 161AC8A221DB6B950078F020 /* CategoryCoord.swift */; };
		161AC8AB21DB6D050078F020 /* BaseCoord.swift in Sources */ = {isa = PBXBuildFile; fileRef = 161AC8AA21DB6D050078F020 /* BaseCoord.swift */; };
		161AC8AF21DBBABF0078F020 /* AppCoord.swift in Sources */ = {isa = PBXBuildFile; fileRef = 161AC8AE21DBBABF0078F020 /* AppCoord.swift */; };
		161AC8B221DBBBED0078F020 /* CategoryVM.swift in Sources */ = {isa = PBXBuildFile; fileRef = 161AC8B121DBBBED0078F020 /* CategoryVM.swift */; };
		161AC8BB21DBBCF50078F020 /* CategoryVC.swift in Sources */ = {isa = PBXBuildFile; fileRef = 161AC8BA21DBBCF50078F020 /* CategoryVC.swift */; };
		161AC8C421DBBEE60078F020 /* CategoryModel.swift in Sources */ = {isa = PBXBuildFile; fileRef = 161AC8C321DBBEE60078F020 /* CategoryModel.swift */; };
		161AC8C621DC1FBB0078F020 /* RootCoord.swift in Sources */ = {isa = PBXBuildFile; fileRef = 161AC8C521DC1FBB0078F020 /* RootCoord.swift */; };
		161BCA9E21F4E073005A7D38 /* MvvMcoordTests2.swift in Sources */ = {isa = PBXBuildFile; fileRef = 161BCA9D21F4E073005A7D38 /* MvvMcoordTests2.swift */; };
		161BCAA621F4E0A5005A7D38 /* useTestCase4.swift in Sources */ = {isa = PBXBuildFile; fileRef = 161BCAA521F4E0A5005A7D38 /* useTestCase4.swift */; };
		163AD71B21E5516F00EA91B0 /* SubFilterSectionVC.swift in Sources */ = {isa = PBXBuildFile; fileRef = 163AD71A21E5516F00EA91B0 /* SubFilterSectionVC.swift */; };
		163AD71D21E551D100EA91B0 /* SubFilterSectionCell.swift in Sources */ = {isa = PBXBuildFile; fileRef = 163AD71C21E551D100EA91B0 /* SubFilterSectionCell.swift */; };
		163AD71F21E5529E00EA91B0 /* FilterCellSection.swift in Sources */ = {isa = PBXBuildFile; fileRef = 163AD71E21E5529E00EA91B0 /* FilterCellSection.swift */; };
		16C6CC6821DFF8BB00F535D0 /* CatalogSquareCell.swift in Sources */ = {isa = PBXBuildFile; fileRef = 16C6CC6721DFF8BB00F535D0 /* CatalogSquareCell.swift */; };
		16C6CC6A21DFF8CA00F535D0 /* CatalogSquaresCell.swift in Sources */ = {isa = PBXBuildFile; fileRef = 16C6CC6921DFF8CA00F535D0 /* CatalogSquaresCell.swift */; };
		16C6CC6C21E0026000F535D0 /* Formatter.swift in Sources */ = {isa = PBXBuildFile; fileRef = 16C6CC6B21E0026000F535D0 /* Formatter.swift */; };
		16D58B1021EC724C0025FE15 /* ApplyButton.xib in Resources */ = {isa = PBXBuildFile; fileRef = 16D58B0F21EC724C0025FE15 /* ApplyButton.xib */; };
		16D58B1221EC725C0025FE15 /* ApplyButton.swift in Sources */ = {isa = PBXBuildFile; fileRef = 16D58B1121EC725C0025FE15 /* ApplyButton.swift */; };
		4E4A586EF74EBEF14CD71FD2 /* Pods_MvvMcoordTests.framework in Frameworks */ = {isa = PBXBuildFile; fileRef = 8AD693E6BF8BF30274F3558D /* Pods_MvvMcoordTests.framework */; };
		70782BD21052B1ABA3D97A10 /* Pods_MvvMcoord.framework in Frameworks */ = {isa = PBXBuildFile; fileRef = 779FB9AB84C24DE60C170F72 /* Pods_MvvMcoord.framework */; };
		AE923DB4703AFED60B911DFA /* Pods_MvvMcoordUITests.framework in Frameworks */ = {isa = PBXBuildFile; fileRef = F9434EC67B107D472632D066 /* Pods_MvvMcoordUITests.framework */; };
/* End PBXBuildFile section */

/* Begin PBXContainerItemProxy section */
		161AC88621DB6B090078F020 /* PBXContainerItemProxy */ = {
			isa = PBXContainerItemProxy;
			containerPortal = 161AC86921DB6B080078F020 /* Project object */;
			proxyType = 1;
			remoteGlobalIDString = 161AC87021DB6B080078F020;
			remoteInfo = MvvMcoord;
		};
		161AC89121DB6B090078F020 /* PBXContainerItemProxy */ = {
			isa = PBXContainerItemProxy;
			containerPortal = 161AC86921DB6B080078F020 /* Project object */;
			proxyType = 1;
			remoteGlobalIDString = 161AC87021DB6B080078F020;
			remoteInfo = MvvMcoord;
		};
		161BCAA021F4E073005A7D38 /* PBXContainerItemProxy */ = {
			isa = PBXContainerItemProxy;
			containerPortal = 161AC86921DB6B080078F020 /* Project object */;
			proxyType = 1;
			remoteGlobalIDString = 161AC87021DB6B080078F020;
			remoteInfo = MvvMcoord;
		};
/* End PBXContainerItemProxy section */

/* Begin PBXFileReference section */
		0E5592B96EFF73B37D27934F /* Pods-MvvMcoordUITests.debug.xcconfig */ = {isa = PBXFileReference; includeInIndex = 1; lastKnownFileType = text.xcconfig; name = "Pods-MvvMcoordUITests.debug.xcconfig"; path = "Pods/Target Support Files/Pods-MvvMcoordUITests/Pods-MvvMcoordUITests.debug.xcconfig"; sourceTree = "<group>"; };
		1609261C21E0EB0400650707 /* BaseVM.swift */ = {isa = PBXFileReference; lastKnownFileType = sourcecode.swift; path = BaseVM.swift; sourceTree = "<group>"; };
		1609263121FB261500AD8CE3 /* BackendLogic.swift */ = {isa = PBXFileReference; lastKnownFileType = sourcecode.swift; path = BackendLogic.swift; sourceTree = "<group>"; };
		1609E7E921DF598600306676 /* CatalogVC.swift */ = {isa = PBXFileReference; lastKnownFileType = sourcecode.swift; path = CatalogVC.swift; sourceTree = "<group>"; };
		1609E7EB21DF612600306676 /* CatalogListCell.swift */ = {isa = PBXFileReference; lastKnownFileType = sourcecode.swift; path = CatalogListCell.swift; sourceTree = "<group>"; };
		160C002221FB734900C8C44F /* FilterModel2.swift */ = {isa = PBXFileReference; lastKnownFileType = sourcecode.swift; path = FilterModel2.swift; sourceTree = "<group>"; };
		1611908D21DDF8CB00E3CB93 /* UIView+Ext.swift */ = {isa = PBXFileReference; lastKnownFileType = sourcecode.swift; path = "UIView+Ext.swift"; sourceTree = "<group>"; };
		1611908F21DDFEB300E3CB93 /* Assets.xcassets */ = {isa = PBXFileReference; lastKnownFileType = folder.assetcatalog; path = Assets.xcassets; sourceTree = "<group>"; };
		1611909121DE231400E3CB93 /* DiscountLabel.swift */ = {isa = PBXFileReference; lastKnownFileType = sourcecode.swift; path = DiscountLabel.swift; sourceTree = "<group>"; };
		1615B26D21DCF9EC00E84801 /* CatalogVM.swift */ = {isa = PBXFileReference; lastKnownFileType = sourcecode.swift; path = CatalogVM.swift; sourceTree = "<group>"; };
		1615B26F21DCFC8600E84801 /* CatalogModel.swift */ = {isa = PBXFileReference; lastKnownFileType = sourcecode.swift; path = CatalogModel.swift; sourceTree = "<group>"; };
		1615B27221DD003C00E84801 /* CatalogCoord.swift */ = {isa = PBXFileReference; lastKnownFileType = sourcecode.swift; path = CatalogCoord.swift; sourceTree = "<group>"; };
		1617B56721E34B5400FFE2DA /* FilterVC.swift */ = {isa = PBXFileReference; lastKnownFileType = sourcecode.swift; path = FilterVC.swift; sourceTree = "<group>"; };
		1617B56921E34BBF00FFE2DA /* FilterVM.swift */ = {isa = PBXFileReference; lastKnownFileType = sourcecode.swift; path = FilterVM.swift; sourceTree = "<group>"; };
		1617B56C21E351CE00FFE2DA /* FilterCell.swift */ = {isa = PBXFileReference; lastKnownFileType = sourcecode.swift; path = FilterCell.swift; sourceTree = "<group>"; };
		1617B56E21E3532F00FFE2DA /* FilterCoord.swift */ = {isa = PBXFileReference; lastKnownFileType = sourcecode.swift; path = FilterCoord.swift; sourceTree = "<group>"; };
		1617B57021E3BEDF00FFE2DA /* FilterCellSelect.swift */ = {isa = PBXFileReference; lastKnownFileType = sourcecode.swift; path = FilterCellSelect.swift; sourceTree = "<group>"; };
		1617B57221E3F12D00FFE2DA /* SubFilterSelectVC.swift */ = {isa = PBXFileReference; lastKnownFileType = sourcecode.swift; path = SubFilterSelectVC.swift; sourceTree = "<group>"; };
		1617B57421E3F1A200FFE2DA /* SubFilterSelectCell.swift */ = {isa = PBXFileReference; lastKnownFileType = sourcecode.swift; path = SubFilterSelectCell.swift; sourceTree = "<group>"; };
		1617B57621E3F20000FFE2DA /* SubFilterVM.swift */ = {isa = PBXFileReference; lastKnownFileType = sourcecode.swift; path = SubFilterVM.swift; sourceTree = "<group>"; };
		1617B57821E3F28600FFE2DA /* SubFilterCoord.swift */ = {isa = PBXFileReference; lastKnownFileType = sourcecode.swift; path = SubFilterCoord.swift; sourceTree = "<group>"; };
		161A43FF21F740E400D16F1E /* NetworkMgt.swift */ = {isa = PBXFileReference; lastKnownFileType = sourcecode.swift; path = NetworkMgt.swift; sourceTree = "<group>"; };
		161AC87121DB6B080078F020 /* MvvMcoord.app */ = {isa = PBXFileReference; explicitFileType = wrapper.application; includeInIndex = 0; path = MvvMcoord.app; sourceTree = BUILT_PRODUCTS_DIR; };
		161AC87421DB6B080078F020 /* AppDelegate.swift */ = {isa = PBXFileReference; lastKnownFileType = sourcecode.swift; path = AppDelegate.swift; sourceTree = "<group>"; };
		161AC87621DB6B080078F020 /* ViewController.swift */ = {isa = PBXFileReference; lastKnownFileType = sourcecode.swift; path = ViewController.swift; sourceTree = "<group>"; };
		161AC87921DB6B080078F020 /* Base */ = {isa = PBXFileReference; lastKnownFileType = file.storyboard; name = Base; path = Base.lproj/Main.storyboard; sourceTree = "<group>"; };
		161AC87E21DB6B090078F020 /* Base */ = {isa = PBXFileReference; lastKnownFileType = file.storyboard; name = Base; path = Base.lproj/LaunchScreen.storyboard; sourceTree = "<group>"; };
		161AC88021DB6B090078F020 /* Info.plist */ = {isa = PBXFileReference; lastKnownFileType = text.plist.xml; path = Info.plist; sourceTree = "<group>"; };
		161AC88521DB6B090078F020 /* MvvMcoordTests.xctest */ = {isa = PBXFileReference; explicitFileType = wrapper.cfbundle; includeInIndex = 0; path = MvvMcoordTests.xctest; sourceTree = BUILT_PRODUCTS_DIR; };
		161AC88921DB6B090078F020 /* MvvMcoordTests.swift */ = {isa = PBXFileReference; lastKnownFileType = sourcecode.swift; path = MvvMcoordTests.swift; sourceTree = "<group>"; };
		161AC88B21DB6B090078F020 /* Info.plist */ = {isa = PBXFileReference; lastKnownFileType = text.plist.xml; path = Info.plist; sourceTree = "<group>"; };
		161AC89021DB6B090078F020 /* MvvMcoordUITests.xctest */ = {isa = PBXFileReference; explicitFileType = wrapper.cfbundle; includeInIndex = 0; path = MvvMcoordUITests.xctest; sourceTree = BUILT_PRODUCTS_DIR; };
		161AC89421DB6B090078F020 /* MvvMcoordUITests.swift */ = {isa = PBXFileReference; lastKnownFileType = sourcecode.swift; path = MvvMcoordUITests.swift; sourceTree = "<group>"; };
		161AC89621DB6B090078F020 /* Info.plist */ = {isa = PBXFileReference; lastKnownFileType = text.plist.xml; path = Info.plist; sourceTree = "<group>"; };
		161AC8A221DB6B950078F020 /* CategoryCoord.swift */ = {isa = PBXFileReference; lastKnownFileType = sourcecode.swift; path = CategoryCoord.swift; sourceTree = "<group>"; };
		161AC8AA21DB6D050078F020 /* BaseCoord.swift */ = {isa = PBXFileReference; lastKnownFileType = sourcecode.swift; path = BaseCoord.swift; sourceTree = "<group>"; };
		161AC8AE21DBBABF0078F020 /* AppCoord.swift */ = {isa = PBXFileReference; lastKnownFileType = sourcecode.swift; path = AppCoord.swift; sourceTree = "<group>"; };
		161AC8B121DBBBED0078F020 /* CategoryVM.swift */ = {isa = PBXFileReference; lastKnownFileType = sourcecode.swift; path = CategoryVM.swift; sourceTree = "<group>"; };
		161AC8BA21DBBCF50078F020 /* CategoryVC.swift */ = {isa = PBXFileReference; lastKnownFileType = sourcecode.swift; path = CategoryVC.swift; sourceTree = "<group>"; };
		161AC8C321DBBEE60078F020 /* CategoryModel.swift */ = {isa = PBXFileReference; lastKnownFileType = sourcecode.swift; path = CategoryModel.swift; sourceTree = "<group>"; };
		161AC8C521DC1FBB0078F020 /* RootCoord.swift */ = {isa = PBXFileReference; lastKnownFileType = sourcecode.swift; path = RootCoord.swift; sourceTree = "<group>"; };
		161BCA9B21F4E073005A7D38 /* MvvMcoordTests2.xctest */ = {isa = PBXFileReference; explicitFileType = wrapper.cfbundle; includeInIndex = 0; path = MvvMcoordTests2.xctest; sourceTree = BUILT_PRODUCTS_DIR; };
		161BCA9D21F4E073005A7D38 /* MvvMcoordTests2.swift */ = {isa = PBXFileReference; lastKnownFileType = sourcecode.swift; path = MvvMcoordTests2.swift; sourceTree = "<group>"; };
		161BCA9F21F4E073005A7D38 /* Info.plist */ = {isa = PBXFileReference; lastKnownFileType = text.plist.xml; path = Info.plist; sourceTree = "<group>"; };
		161BCAA521F4E0A5005A7D38 /* useTestCase4.swift */ = {isa = PBXFileReference; lastKnownFileType = sourcecode.swift; path = useTestCase4.swift; sourceTree = "<group>"; };
		163AD71A21E5516F00EA91B0 /* SubFilterSectionVC.swift */ = {isa = PBXFileReference; lastKnownFileType = sourcecode.swift; path = SubFilterSectionVC.swift; sourceTree = "<group>"; };
		163AD71C21E551D100EA91B0 /* SubFilterSectionCell.swift */ = {isa = PBXFileReference; lastKnownFileType = sourcecode.swift; path = SubFilterSectionCell.swift; sourceTree = "<group>"; };
		163AD71E21E5529E00EA91B0 /* FilterCellSection.swift */ = {isa = PBXFileReference; lastKnownFileType = sourcecode.swift; path = FilterCellSection.swift; sourceTree = "<group>"; };
		16C6CC6721DFF8BB00F535D0 /* CatalogSquareCell.swift */ = {isa = PBXFileReference; lastKnownFileType = sourcecode.swift; path = CatalogSquareCell.swift; sourceTree = "<group>"; };
		16C6CC6921DFF8CA00F535D0 /* CatalogSquaresCell.swift */ = {isa = PBXFileReference; lastKnownFileType = sourcecode.swift; path = CatalogSquaresCell.swift; sourceTree = "<group>"; };
		16C6CC6B21E0026000F535D0 /* Formatter.swift */ = {isa = PBXFileReference; lastKnownFileType = sourcecode.swift; path = Formatter.swift; sourceTree = "<group>"; };
		16D58B0F21EC724C0025FE15 /* ApplyButton.xib */ = {isa = PBXFileReference; lastKnownFileType = file.xib; path = ApplyButton.xib; sourceTree = "<group>"; };
		16D58B1121EC725C0025FE15 /* ApplyButton.swift */ = {isa = PBXFileReference; lastKnownFileType = sourcecode.swift; path = ApplyButton.swift; sourceTree = "<group>"; };
		2A43DB55ABB791B22B7E0169 /* Pods-MvvMcoordTests.debug.xcconfig */ = {isa = PBXFileReference; includeInIndex = 1; lastKnownFileType = text.xcconfig; name = "Pods-MvvMcoordTests.debug.xcconfig"; path = "Pods/Target Support Files/Pods-MvvMcoordTests/Pods-MvvMcoordTests.debug.xcconfig"; sourceTree = "<group>"; };
		64FFDAEAC1A833EBA5D55674 /* Pods-MvvMcoordUITests.release.xcconfig */ = {isa = PBXFileReference; includeInIndex = 1; lastKnownFileType = text.xcconfig; name = "Pods-MvvMcoordUITests.release.xcconfig"; path = "Pods/Target Support Files/Pods-MvvMcoordUITests/Pods-MvvMcoordUITests.release.xcconfig"; sourceTree = "<group>"; };
		779FB9AB84C24DE60C170F72 /* Pods_MvvMcoord.framework */ = {isa = PBXFileReference; explicitFileType = wrapper.framework; includeInIndex = 0; path = Pods_MvvMcoord.framework; sourceTree = BUILT_PRODUCTS_DIR; };
		831B5AA6921E008C615BB963 /* Pods-MvvMcoordTests.release.xcconfig */ = {isa = PBXFileReference; includeInIndex = 1; lastKnownFileType = text.xcconfig; name = "Pods-MvvMcoordTests.release.xcconfig"; path = "Pods/Target Support Files/Pods-MvvMcoordTests/Pods-MvvMcoordTests.release.xcconfig"; sourceTree = "<group>"; };
		8AD693E6BF8BF30274F3558D /* Pods_MvvMcoordTests.framework */ = {isa = PBXFileReference; explicitFileType = wrapper.framework; includeInIndex = 0; path = Pods_MvvMcoordTests.framework; sourceTree = BUILT_PRODUCTS_DIR; };
		B8E6DD092F96F67DA2F1F0EC /* Pods-MvvMcoord.debug.xcconfig */ = {isa = PBXFileReference; includeInIndex = 1; lastKnownFileType = text.xcconfig; name = "Pods-MvvMcoord.debug.xcconfig"; path = "Pods/Target Support Files/Pods-MvvMcoord/Pods-MvvMcoord.debug.xcconfig"; sourceTree = "<group>"; };
		BCE88BC879F12E9AEF3AB711 /* Pods-MvvMcoord.release.xcconfig */ = {isa = PBXFileReference; includeInIndex = 1; lastKnownFileType = text.xcconfig; name = "Pods-MvvMcoord.release.xcconfig"; path = "Pods/Target Support Files/Pods-MvvMcoord/Pods-MvvMcoord.release.xcconfig"; sourceTree = "<group>"; };
		F9434EC67B107D472632D066 /* Pods_MvvMcoordUITests.framework */ = {isa = PBXFileReference; explicitFileType = wrapper.framework; includeInIndex = 0; path = Pods_MvvMcoordUITests.framework; sourceTree = BUILT_PRODUCTS_DIR; };
/* End PBXFileReference section */

/* Begin PBXFrameworksBuildPhase section */
		161AC86E21DB6B080078F020 /* Frameworks */ = {
			isa = PBXFrameworksBuildPhase;
			buildActionMask = 2147483647;
			files = (
				70782BD21052B1ABA3D97A10 /* Pods_MvvMcoord.framework in Frameworks */,
			);
			runOnlyForDeploymentPostprocessing = 0;
		};
		161AC88221DB6B090078F020 /* Frameworks */ = {
			isa = PBXFrameworksBuildPhase;
			buildActionMask = 2147483647;
			files = (
				4E4A586EF74EBEF14CD71FD2 /* Pods_MvvMcoordTests.framework in Frameworks */,
			);
			runOnlyForDeploymentPostprocessing = 0;
		};
		161AC88D21DB6B090078F020 /* Frameworks */ = {
			isa = PBXFrameworksBuildPhase;
			buildActionMask = 2147483647;
			files = (
				AE923DB4703AFED60B911DFA /* Pods_MvvMcoordUITests.framework in Frameworks */,
			);
			runOnlyForDeploymentPostprocessing = 0;
		};
		161BCA9821F4E073005A7D38 /* Frameworks */ = {
			isa = PBXFrameworksBuildPhase;
			buildActionMask = 2147483647;
			files = (
			);
			runOnlyForDeploymentPostprocessing = 0;
		};
/* End PBXFrameworksBuildPhase section */

/* Begin PBXGroup section */
		1615B27121DCFCAC00E84801 /* Model */ = {
			isa = PBXGroup;
			children = (
				161AC8C321DBBEE60078F020 /* CategoryModel.swift */,
				1615B26F21DCFC8600E84801 /* CatalogModel.swift */,
				160C002221FB734900C8C44F /* FilterModel2.swift */,
			);
			path = Model;
			sourceTree = "<group>";
		};
		161AC86821DB6B080078F020 = {
			isa = PBXGroup;
			children = (
				161AC87321DB6B080078F020 /* MvvMcoord */,
				161AC88821DB6B090078F020 /* MvvMcoordTests */,
				161AC89321DB6B090078F020 /* MvvMcoordUITests */,
				161BCA9C21F4E073005A7D38 /* MvvMcoordTests2 */,
				161AC87221DB6B080078F020 /* Products */,
				F61A8F95246FD9802D609F0C /* Pods */,
				50D4D3EAC344FB633A477C23 /* Frameworks */,
			);
			sourceTree = "<group>";
		};
		161AC87221DB6B080078F020 /* Products */ = {
			isa = PBXGroup;
			children = (
				161AC87121DB6B080078F020 /* MvvMcoord.app */,
				161AC88521DB6B090078F020 /* MvvMcoordTests.xctest */,
				161AC89021DB6B090078F020 /* MvvMcoordUITests.xctest */,
				161BCA9B21F4E073005A7D38 /* MvvMcoordTests2.xctest */,
			);
			name = Products;
			sourceTree = "<group>";
		};
		161AC87321DB6B080078F020 /* MvvMcoord */ = {
			isa = PBXGroup;
			children = (
				16EAE04821EBCE14007ACCCB /* XIB */,
				1611908F21DDFEB300E3CB93 /* Assets.xcassets */,
				161AC87421DB6B080078F020 /* AppDelegate.swift */,
				161AC87621DB6B080078F020 /* ViewController.swift */,
				161AC87821DB6B080078F020 /* Main.storyboard */,
				161AC87D21DB6B090078F020 /* LaunchScreen.storyboard */,
				161AC88021DB6B090078F020 /* Info.plist */,
				161AC8B021DBBBB90078F020 /* Coords */,
				161AC8B921DBBCBE0078F020 /* VMs */,
				161AC8C221DBBD9D0078F020 /* VCs */,
				1615B27121DCFCAC00E84801 /* Model */,
				1611908D21DDF8CB00E3CB93 /* UIView+Ext.swift */,
				1611909121DE231400E3CB93 /* DiscountLabel.swift */,
				16C6CC6B21E0026000F535D0 /* Formatter.swift */,
				161A43FF21F740E400D16F1E /* NetworkMgt.swift */,
				1609263121FB261500AD8CE3 /* BackendLogic.swift */,
			);
			path = MvvMcoord;
			sourceTree = "<group>";
		};
		161AC88821DB6B090078F020 /* MvvMcoordTests */ = {
			isa = PBXGroup;
			children = (
				161BCAA521F4E0A5005A7D38 /* useTestCase4.swift */,
				161AC88921DB6B090078F020 /* MvvMcoordTests.swift */,
				161AC88B21DB6B090078F020 /* Info.plist */,
			);
			path = MvvMcoordTests;
			sourceTree = "<group>";
		};
		161AC89321DB6B090078F020 /* MvvMcoordUITests */ = {
			isa = PBXGroup;
			children = (
				161AC89421DB6B090078F020 /* MvvMcoordUITests.swift */,
				161AC89621DB6B090078F020 /* Info.plist */,
			);
			path = MvvMcoordUITests;
			sourceTree = "<group>";
		};
		161AC8B021DBBBB90078F020 /* Coords */ = {
			isa = PBXGroup;
			children = (
				161AC8AA21DB6D050078F020 /* BaseCoord.swift */,
				161AC8AE21DBBABF0078F020 /* AppCoord.swift */,
				161AC8C521DC1FBB0078F020 /* RootCoord.swift */,
				161AC8A221DB6B950078F020 /* CategoryCoord.swift */,
				1615B27221DD003C00E84801 /* CatalogCoord.swift */,
				1617B56E21E3532F00FFE2DA /* FilterCoord.swift */,
				1617B57821E3F28600FFE2DA /* SubFilterCoord.swift */,
			);
			path = Coords;
			sourceTree = "<group>";
		};
		161AC8B921DBBCBE0078F020 /* VMs */ = {
			isa = PBXGroup;
			children = (
				1609261C21E0EB0400650707 /* BaseVM.swift */,
				161AC8B121DBBBED0078F020 /* CategoryVM.swift */,
				1615B26D21DCF9EC00E84801 /* CatalogVM.swift */,
				1617B56921E34BBF00FFE2DA /* FilterVM.swift */,
				1617B57621E3F20000FFE2DA /* SubFilterVM.swift */,
			);
			path = VMs;
			sourceTree = "<group>";
		};
		161AC8C221DBBD9D0078F020 /* VCs */ = {
			isa = PBXGroup;
			children = (
				163AD72121E552D900EA91B0 /* Category */,
				163AD72021E552D100EA91B0 /* Catalog */,
				163AD72221E552E600EA91B0 /* Filter */,
			);
			path = VCs;
			sourceTree = "<group>";
		};
		161BCA9C21F4E073005A7D38 /* MvvMcoordTests2 */ = {
			isa = PBXGroup;
			children = (
				161BCA9D21F4E073005A7D38 /* MvvMcoordTests2.swift */,
				161BCA9F21F4E073005A7D38 /* Info.plist */,
			);
			path = MvvMcoordTests2;
			sourceTree = "<group>";
		};
		163AD72021E552D100EA91B0 /* Catalog */ = {
			isa = PBXGroup;
			children = (
				1609E7E921DF598600306676 /* CatalogVC.swift */,
				163AD72521E5531400EA91B0 /* Cell */,
			);
			path = Catalog;
			sourceTree = "<group>";
		};
		163AD72121E552D900EA91B0 /* Category */ = {
			isa = PBXGroup;
			children = (
				161AC8BA21DBBCF50078F020 /* CategoryVC.swift */,
			);
			path = Category;
			sourceTree = "<group>";
		};
		163AD72221E552E600EA91B0 /* Filter */ = {
			isa = PBXGroup;
			children = (
				163AD72321E552F600EA91B0 /* Filter */,
				163AD72421E5530000EA91B0 /* SubFilter */,
			);
			path = Filter;
			sourceTree = "<group>";
		};
		163AD72321E552F600EA91B0 /* Filter */ = {
			isa = PBXGroup;
			children = (
				1617B56721E34B5400FFE2DA /* FilterVC.swift */,
				163AD72621E5531F00EA91B0 /* Cell */,
			);
			path = Filter;
			sourceTree = "<group>";
		};
		163AD72421E5530000EA91B0 /* SubFilter */ = {
			isa = PBXGroup;
			children = (
				163AD72721E5536B00EA91B0 /* Select */,
				163AD72821E5537600EA91B0 /* Section */,
			);
			path = SubFilter;
			sourceTree = "<group>";
		};
		163AD72521E5531400EA91B0 /* Cell */ = {
			isa = PBXGroup;
			children = (
				1609E7EB21DF612600306676 /* CatalogListCell.swift */,
				16C6CC6721DFF8BB00F535D0 /* CatalogSquareCell.swift */,
				16C6CC6921DFF8CA00F535D0 /* CatalogSquaresCell.swift */,
			);
			path = Cell;
			sourceTree = "<group>";
		};
		163AD72621E5531F00EA91B0 /* Cell */ = {
			isa = PBXGroup;
			children = (
				1617B56C21E351CE00FFE2DA /* FilterCell.swift */,
				1617B57021E3BEDF00FFE2DA /* FilterCellSelect.swift */,
				163AD71E21E5529E00EA91B0 /* FilterCellSection.swift */,
			);
			path = Cell;
			sourceTree = "<group>";
		};
		163AD72721E5536B00EA91B0 /* Select */ = {
			isa = PBXGroup;
			children = (
				1617B57221E3F12D00FFE2DA /* SubFilterSelectVC.swift */,
				1617B57421E3F1A200FFE2DA /* SubFilterSelectCell.swift */,
			);
			path = Select;
			sourceTree = "<group>";
		};
		163AD72821E5537600EA91B0 /* Section */ = {
			isa = PBXGroup;
			children = (
				163AD71A21E5516F00EA91B0 /* SubFilterSectionVC.swift */,
				163AD71C21E551D100EA91B0 /* SubFilterSectionCell.swift */,
			);
			path = Section;
			sourceTree = "<group>";
		};
		16EAE04821EBCE14007ACCCB /* XIB */ = {
			isa = PBXGroup;
			children = (
				16D58B0F21EC724C0025FE15 /* ApplyButton.xib */,
				16D58B1121EC725C0025FE15 /* ApplyButton.swift */,
			);
			path = XIB;
			sourceTree = "<group>";
		};
		50D4D3EAC344FB633A477C23 /* Frameworks */ = {
			isa = PBXGroup;
			children = (
				779FB9AB84C24DE60C170F72 /* Pods_MvvMcoord.framework */,
				8AD693E6BF8BF30274F3558D /* Pods_MvvMcoordTests.framework */,
				F9434EC67B107D472632D066 /* Pods_MvvMcoordUITests.framework */,
			);
			name = Frameworks;
			sourceTree = "<group>";
		};
		F61A8F95246FD9802D609F0C /* Pods */ = {
			isa = PBXGroup;
			children = (
				B8E6DD092F96F67DA2F1F0EC /* Pods-MvvMcoord.debug.xcconfig */,
				BCE88BC879F12E9AEF3AB711 /* Pods-MvvMcoord.release.xcconfig */,
				2A43DB55ABB791B22B7E0169 /* Pods-MvvMcoordTests.debug.xcconfig */,
				831B5AA6921E008C615BB963 /* Pods-MvvMcoordTests.release.xcconfig */,
				0E5592B96EFF73B37D27934F /* Pods-MvvMcoordUITests.debug.xcconfig */,
				64FFDAEAC1A833EBA5D55674 /* Pods-MvvMcoordUITests.release.xcconfig */,
			);
			name = Pods;
			sourceTree = "<group>";
		};
/* End PBXGroup section */

/* Begin PBXNativeTarget section */
		161AC87021DB6B080078F020 /* MvvMcoord */ = {
			isa = PBXNativeTarget;
			buildConfigurationList = 161AC89921DB6B090078F020 /* Build configuration list for PBXNativeTarget "MvvMcoord" */;
			buildPhases = (
				27FD14680EB315841DD34863 /* [CP] Check Pods Manifest.lock */,
				161AC86D21DB6B080078F020 /* Sources */,
				161AC86E21DB6B080078F020 /* Frameworks */,
				161AC86F21DB6B080078F020 /* Resources */,
				809B4C6807C90D26986C4052 /* [CP] Embed Pods Frameworks */,
			);
			buildRules = (
			);
			dependencies = (
			);
			name = MvvMcoord;
			productName = MvvMcoord;
			productReference = 161AC87121DB6B080078F020 /* MvvMcoord.app */;
			productType = "com.apple.product-type.application";
		};
		161AC88421DB6B090078F020 /* MvvMcoordTests */ = {
			isa = PBXNativeTarget;
			buildConfigurationList = 161AC89C21DB6B090078F020 /* Build configuration list for PBXNativeTarget "MvvMcoordTests" */;
			buildPhases = (
				9AA2CECCCE646919D388BD17 /* [CP] Check Pods Manifest.lock */,
				161AC88121DB6B090078F020 /* Sources */,
				161AC88221DB6B090078F020 /* Frameworks */,
				161AC88321DB6B090078F020 /* Resources */,
			);
			buildRules = (
			);
			dependencies = (
				161AC88721DB6B090078F020 /* PBXTargetDependency */,
			);
			name = MvvMcoordTests;
			productName = MvvMcoordTests;
			productReference = 161AC88521DB6B090078F020 /* MvvMcoordTests.xctest */;
			productType = "com.apple.product-type.bundle.unit-test";
		};
		161AC88F21DB6B090078F020 /* MvvMcoordUITests */ = {
			isa = PBXNativeTarget;
			buildConfigurationList = 161AC89F21DB6B090078F020 /* Build configuration list for PBXNativeTarget "MvvMcoordUITests" */;
			buildPhases = (
				F1903D6747964FA2E56D8762 /* [CP] Check Pods Manifest.lock */,
				161AC88C21DB6B090078F020 /* Sources */,
				161AC88D21DB6B090078F020 /* Frameworks */,
				161AC88E21DB6B090078F020 /* Resources */,
			);
			buildRules = (
			);
			dependencies = (
				161AC89221DB6B090078F020 /* PBXTargetDependency */,
			);
			name = MvvMcoordUITests;
			productName = MvvMcoordUITests;
			productReference = 161AC89021DB6B090078F020 /* MvvMcoordUITests.xctest */;
			productType = "com.apple.product-type.bundle.ui-testing";
		};
		161BCA9A21F4E073005A7D38 /* MvvMcoordTests2 */ = {
			isa = PBXNativeTarget;
			buildConfigurationList = 161BCAA421F4E073005A7D38 /* Build configuration list for PBXNativeTarget "MvvMcoordTests2" */;
			buildPhases = (
				161BCA9721F4E073005A7D38 /* Sources */,
				161BCA9821F4E073005A7D38 /* Frameworks */,
				161BCA9921F4E073005A7D38 /* Resources */,
			);
			buildRules = (
			);
			dependencies = (
				161BCAA121F4E073005A7D38 /* PBXTargetDependency */,
			);
			name = MvvMcoordTests2;
			productName = MvvMcoordTests2;
			productReference = 161BCA9B21F4E073005A7D38 /* MvvMcoordTests2.xctest */;
			productType = "com.apple.product-type.bundle.unit-test";
		};
/* End PBXNativeTarget section */

/* Begin PBXProject section */
		161AC86921DB6B080078F020 /* Project object */ = {
			isa = PBXProject;
			attributes = {
				LastSwiftUpdateCheck = 1010;
				LastUpgradeCheck = 1010;
				ORGANIZATIONNAME = "Igor Ivanov";
				TargetAttributes = {
					161AC87021DB6B080078F020 = {
						CreatedOnToolsVersion = 10.1;
					};
					161AC88421DB6B090078F020 = {
						CreatedOnToolsVersion = 10.1;
						TestTargetID = 161AC87021DB6B080078F020;
					};
					161AC88F21DB6B090078F020 = {
						CreatedOnToolsVersion = 10.1;
						TestTargetID = 161AC87021DB6B080078F020;
					};
					161BCA9A21F4E073005A7D38 = {
						CreatedOnToolsVersion = 10.1;
						TestTargetID = 161AC87021DB6B080078F020;
					};
				};
			};
			buildConfigurationList = 161AC86C21DB6B080078F020 /* Build configuration list for PBXProject "MvvMcoord" */;
			compatibilityVersion = "Xcode 9.3";
			developmentRegion = en;
			hasScannedForEncodings = 0;
			knownRegions = (
				en,
				Base,
			);
			mainGroup = 161AC86821DB6B080078F020;
			productRefGroup = 161AC87221DB6B080078F020 /* Products */;
			projectDirPath = "";
			projectRoot = "";
			targets = (
				161AC87021DB6B080078F020 /* MvvMcoord */,
				161AC88421DB6B090078F020 /* MvvMcoordTests */,
				161AC88F21DB6B090078F020 /* MvvMcoordUITests */,
				161BCA9A21F4E073005A7D38 /* MvvMcoordTests2 */,
			);
		};
/* End PBXProject section */

/* Begin PBXResourcesBuildPhase section */
		161AC86F21DB6B080078F020 /* Resources */ = {
			isa = PBXResourcesBuildPhase;
			buildActionMask = 2147483647;
			files = (
				161AC87F21DB6B090078F020 /* LaunchScreen.storyboard in Resources */,
				1611909021DDFEB300E3CB93 /* Assets.xcassets in Resources */,
				16D58B1021EC724C0025FE15 /* ApplyButton.xib in Resources */,
				161AC87A21DB6B080078F020 /* Main.storyboard in Resources */,
			);
			runOnlyForDeploymentPostprocessing = 0;
		};
		161AC88321DB6B090078F020 /* Resources */ = {
			isa = PBXResourcesBuildPhase;
			buildActionMask = 2147483647;
			files = (
			);
			runOnlyForDeploymentPostprocessing = 0;
		};
		161AC88E21DB6B090078F020 /* Resources */ = {
			isa = PBXResourcesBuildPhase;
			buildActionMask = 2147483647;
			files = (
			);
			runOnlyForDeploymentPostprocessing = 0;
		};
		161BCA9921F4E073005A7D38 /* Resources */ = {
			isa = PBXResourcesBuildPhase;
			buildActionMask = 2147483647;
			files = (
			);
			runOnlyForDeploymentPostprocessing = 0;
		};
/* End PBXResourcesBuildPhase section */

/* Begin PBXShellScriptBuildPhase section */
		27FD14680EB315841DD34863 /* [CP] Check Pods Manifest.lock */ = {
			isa = PBXShellScriptBuildPhase;
			buildActionMask = 2147483647;
			files = (
			);
			inputFileListPaths = (
			);
			inputPaths = (
				"${PODS_PODFILE_DIR_PATH}/Podfile.lock",
				"${PODS_ROOT}/Manifest.lock",
			);
			name = "[CP] Check Pods Manifest.lock";
			outputFileListPaths = (
			);
			outputPaths = (
				"$(DERIVED_FILE_DIR)/Pods-MvvMcoord-checkManifestLockResult.txt",
			);
			runOnlyForDeploymentPostprocessing = 0;
			shellPath = /bin/sh;
			shellScript = "diff \"${PODS_PODFILE_DIR_PATH}/Podfile.lock\" \"${PODS_ROOT}/Manifest.lock\" > /dev/null\nif [ $? != 0 ] ; then\n    # print error to STDERR\n    echo \"error: The sandbox is not in sync with the Podfile.lock. Run 'pod install' or update your CocoaPods installation.\" >&2\n    exit 1\nfi\n# This output is used by Xcode 'outputs' to avoid re-running this script phase.\necho \"SUCCESS\" > \"${SCRIPT_OUTPUT_FILE_0}\"\n";
			showEnvVarsInLog = 0;
		};
		809B4C6807C90D26986C4052 /* [CP] Embed Pods Frameworks */ = {
			isa = PBXShellScriptBuildPhase;
			buildActionMask = 2147483647;
			files = (
			);
			inputFileListPaths = (
			);
			inputPaths = (
				"${SRCROOT}/Pods/Target Support Files/Pods-MvvMcoord/Pods-MvvMcoord-frameworks.sh",
				"${BUILT_PRODUCTS_DIR}/Alamofire/Alamofire.framework",
				"${BUILT_PRODUCTS_DIR}/Differentiator/Differentiator.framework",
				"${BUILT_PRODUCTS_DIR}/RxAtomic/RxAtomic.framework",
				"${BUILT_PRODUCTS_DIR}/RxBlocking/RxBlocking.framework",
				"${BUILT_PRODUCTS_DIR}/RxCocoa/RxCocoa.framework",
				"${BUILT_PRODUCTS_DIR}/RxDataSources/RxDataSources.framework",
				"${BUILT_PRODUCTS_DIR}/RxSwift/RxSwift.framework",
				"${BUILT_PRODUCTS_DIR}/RxTest/RxTest.framework",
				"${BUILT_PRODUCTS_DIR}/SwiftyJSON/SwiftyJSON.framework",
			);
			name = "[CP] Embed Pods Frameworks";
			outputFileListPaths = (
			);
			outputPaths = (
				"${TARGET_BUILD_DIR}/${FRAMEWORKS_FOLDER_PATH}/Alamofire.framework",
				"${TARGET_BUILD_DIR}/${FRAMEWORKS_FOLDER_PATH}/Differentiator.framework",
				"${TARGET_BUILD_DIR}/${FRAMEWORKS_FOLDER_PATH}/RxAtomic.framework",
				"${TARGET_BUILD_DIR}/${FRAMEWORKS_FOLDER_PATH}/RxBlocking.framework",
				"${TARGET_BUILD_DIR}/${FRAMEWORKS_FOLDER_PATH}/RxCocoa.framework",
				"${TARGET_BUILD_DIR}/${FRAMEWORKS_FOLDER_PATH}/RxDataSources.framework",
				"${TARGET_BUILD_DIR}/${FRAMEWORKS_FOLDER_PATH}/RxSwift.framework",
				"${TARGET_BUILD_DIR}/${FRAMEWORKS_FOLDER_PATH}/RxTest.framework",
				"${TARGET_BUILD_DIR}/${FRAMEWORKS_FOLDER_PATH}/SwiftyJSON.framework",
			);
			runOnlyForDeploymentPostprocessing = 0;
			shellPath = /bin/sh;
			shellScript = "\"${SRCROOT}/Pods/Target Support Files/Pods-MvvMcoord/Pods-MvvMcoord-frameworks.sh\"\n";
			showEnvVarsInLog = 0;
		};
		9AA2CECCCE646919D388BD17 /* [CP] Check Pods Manifest.lock */ = {
			isa = PBXShellScriptBuildPhase;
			buildActionMask = 2147483647;
			files = (
			);
			inputFileListPaths = (
			);
			inputPaths = (
				"${PODS_PODFILE_DIR_PATH}/Podfile.lock",
				"${PODS_ROOT}/Manifest.lock",
			);
			name = "[CP] Check Pods Manifest.lock";
			outputFileListPaths = (
			);
			outputPaths = (
				"$(DERIVED_FILE_DIR)/Pods-MvvMcoordTests-checkManifestLockResult.txt",
			);
			runOnlyForDeploymentPostprocessing = 0;
			shellPath = /bin/sh;
			shellScript = "diff \"${PODS_PODFILE_DIR_PATH}/Podfile.lock\" \"${PODS_ROOT}/Manifest.lock\" > /dev/null\nif [ $? != 0 ] ; then\n    # print error to STDERR\n    echo \"error: The sandbox is not in sync with the Podfile.lock. Run 'pod install' or update your CocoaPods installation.\" >&2\n    exit 1\nfi\n# This output is used by Xcode 'outputs' to avoid re-running this script phase.\necho \"SUCCESS\" > \"${SCRIPT_OUTPUT_FILE_0}\"\n";
			showEnvVarsInLog = 0;
		};
		F1903D6747964FA2E56D8762 /* [CP] Check Pods Manifest.lock */ = {
			isa = PBXShellScriptBuildPhase;
			buildActionMask = 2147483647;
			files = (
			);
			inputFileListPaths = (
			);
			inputPaths = (
				"${PODS_PODFILE_DIR_PATH}/Podfile.lock",
				"${PODS_ROOT}/Manifest.lock",
			);
			name = "[CP] Check Pods Manifest.lock";
			outputFileListPaths = (
			);
			outputPaths = (
				"$(DERIVED_FILE_DIR)/Pods-MvvMcoordUITests-checkManifestLockResult.txt",
			);
			runOnlyForDeploymentPostprocessing = 0;
			shellPath = /bin/sh;
			shellScript = "diff \"${PODS_PODFILE_DIR_PATH}/Podfile.lock\" \"${PODS_ROOT}/Manifest.lock\" > /dev/null\nif [ $? != 0 ] ; then\n    # print error to STDERR\n    echo \"error: The sandbox is not in sync with the Podfile.lock. Run 'pod install' or update your CocoaPods installation.\" >&2\n    exit 1\nfi\n# This output is used by Xcode 'outputs' to avoid re-running this script phase.\necho \"SUCCESS\" > \"${SCRIPT_OUTPUT_FILE_0}\"\n";
			showEnvVarsInLog = 0;
		};
/* End PBXShellScriptBuildPhase section */

/* Begin PBXSourcesBuildPhase section */
		161AC86D21DB6B080078F020 /* Sources */ = {
			isa = PBXSourcesBuildPhase;
			buildActionMask = 2147483647;
			files = (
				1617B57321E3F12D00FFE2DA /* SubFilterSelectVC.swift in Sources */,
				1609E7EA21DF598600306676 /* CatalogVC.swift in Sources */,
				1617B57921E3F28600FFE2DA /* SubFilterCoord.swift in Sources */,
				163AD71B21E5516F00EA91B0 /* SubFilterSectionVC.swift in Sources */,
				163AD71D21E551D100EA91B0 /* SubFilterSectionCell.swift in Sources */,
				1617B56D21E351CE00FFE2DA /* FilterCell.swift in Sources */,
				16C6CC6C21E0026000F535D0 /* Formatter.swift in Sources */,
				161AC8C421DBBEE60078F020 /* CategoryModel.swift in Sources */,
				161AC8C621DC1FBB0078F020 /* RootCoord.swift in Sources */,
				161AC8B221DBBBED0078F020 /* CategoryVM.swift in Sources */,
				1609E7EC21DF612600306676 /* CatalogListCell.swift in Sources */,
				1609263221FB261500AD8CE3 /* BackendLogic.swift in Sources */,
				1617B57521E3F1A200FFE2DA /* SubFilterSelectCell.swift in Sources */,
				1617B57721E3F20000FFE2DA /* SubFilterVM.swift in Sources */,
				160C002321FB734900C8C44F /* FilterModel2.swift in Sources */,
				16C6CC6821DFF8BB00F535D0 /* CatalogSquareCell.swift in Sources */,
				1611909221DE231400E3CB93 /* DiscountLabel.swift in Sources */,
				163AD71F21E5529E00EA91B0 /* FilterCellSection.swift in Sources */,
				1611908E21DDF8CB00E3CB93 /* UIView+Ext.swift in Sources */,
				1609261D21E0EB0400650707 /* BaseVM.swift in Sources */,
				161AC8AF21DBBABF0078F020 /* AppCoord.swift in Sources */,
				16C6CC6A21DFF8CA00F535D0 /* CatalogSquaresCell.swift in Sources */,
				161AC8AB21DB6D050078F020 /* BaseCoord.swift in Sources */,
				1617B56A21E34BBF00FFE2DA /* FilterVM.swift in Sources */,
				161AC87721DB6B080078F020 /* ViewController.swift in Sources */,
				16D58B1221EC725C0025FE15 /* ApplyButton.swift in Sources */,
				161AC87521DB6B080078F020 /* AppDelegate.swift in Sources */,
				161AC8BB21DBBCF50078F020 /* CategoryVC.swift in Sources */,
				1615B27321DD003C00E84801 /* CatalogCoord.swift in Sources */,
				1617B56F21E3532F00FFE2DA /* FilterCoord.swift in Sources */,
				1617B57121E3BEDF00FFE2DA /* FilterCellSelect.swift in Sources */,
				1615B27021DCFC8600E84801 /* CatalogModel.swift in Sources */,
				1615B26E21DCF9EC00E84801 /* CatalogVM.swift in Sources */,
				161A440021F740E400D16F1E /* NetworkMgt.swift in Sources */,
				1617B56821E34B5400FFE2DA /* FilterVC.swift in Sources */,
				161AC8A321DB6B950078F020 /* CategoryCoord.swift in Sources */,
			);
			runOnlyForDeploymentPostprocessing = 0;
		};
		161AC88121DB6B090078F020 /* Sources */ = {
			isa = PBXSourcesBuildPhase;
			buildActionMask = 2147483647;
			files = (
				161BCAA621F4E0A5005A7D38 /* useTestCase4.swift in Sources */,
				161AC88A21DB6B090078F020 /* MvvMcoordTests.swift in Sources */,
			);
			runOnlyForDeploymentPostprocessing = 0;
		};
		161AC88C21DB6B090078F020 /* Sources */ = {
			isa = PBXSourcesBuildPhase;
			buildActionMask = 2147483647;
			files = (
				161AC89521DB6B090078F020 /* MvvMcoordUITests.swift in Sources */,
			);
			runOnlyForDeploymentPostprocessing = 0;
		};
		161BCA9721F4E073005A7D38 /* Sources */ = {
			isa = PBXSourcesBuildPhase;
			buildActionMask = 2147483647;
			files = (
				161BCA9E21F4E073005A7D38 /* MvvMcoordTests2.swift in Sources */,
			);
			runOnlyForDeploymentPostprocessing = 0;
		};
/* End PBXSourcesBuildPhase section */

/* Begin PBXTargetDependency section */
		161AC88721DB6B090078F020 /* PBXTargetDependency */ = {
			isa = PBXTargetDependency;
			target = 161AC87021DB6B080078F020 /* MvvMcoord */;
			targetProxy = 161AC88621DB6B090078F020 /* PBXContainerItemProxy */;
		};
		161AC89221DB6B090078F020 /* PBXTargetDependency */ = {
			isa = PBXTargetDependency;
			target = 161AC87021DB6B080078F020 /* MvvMcoord */;
			targetProxy = 161AC89121DB6B090078F020 /* PBXContainerItemProxy */;
		};
		161BCAA121F4E073005A7D38 /* PBXTargetDependency */ = {
			isa = PBXTargetDependency;
			target = 161AC87021DB6B080078F020 /* MvvMcoord */;
			targetProxy = 161BCAA021F4E073005A7D38 /* PBXContainerItemProxy */;
		};
/* End PBXTargetDependency section */

/* Begin PBXVariantGroup section */
		161AC87821DB6B080078F020 /* Main.storyboard */ = {
			isa = PBXVariantGroup;
			children = (
				161AC87921DB6B080078F020 /* Base */,
			);
			name = Main.storyboard;
			sourceTree = "<group>";
		};
		161AC87D21DB6B090078F020 /* LaunchScreen.storyboard */ = {
			isa = PBXVariantGroup;
			children = (
				161AC87E21DB6B090078F020 /* Base */,
			);
			name = LaunchScreen.storyboard;
			sourceTree = "<group>";
		};
/* End PBXVariantGroup section */

/* Begin XCBuildConfiguration section */
		161AC89721DB6B090078F020 /* Debug */ = {
			isa = XCBuildConfiguration;
			buildSettings = {
				ALWAYS_SEARCH_USER_PATHS = NO;
				CLANG_ANALYZER_NONNULL = YES;
				CLANG_ANALYZER_NUMBER_OBJECT_CONVERSION = YES_AGGRESSIVE;
				CLANG_CXX_LANGUAGE_STANDARD = "gnu++14";
				CLANG_CXX_LIBRARY = "libc++";
				CLANG_ENABLE_MODULES = YES;
				CLANG_ENABLE_OBJC_ARC = YES;
				CLANG_ENABLE_OBJC_WEAK = YES;
				CLANG_WARN_BLOCK_CAPTURE_AUTORELEASING = YES;
				CLANG_WARN_BOOL_CONVERSION = YES;
				CLANG_WARN_COMMA = YES;
				CLANG_WARN_CONSTANT_CONVERSION = YES;
				CLANG_WARN_DEPRECATED_OBJC_IMPLEMENTATIONS = YES;
				CLANG_WARN_DIRECT_OBJC_ISA_USAGE = YES_ERROR;
				CLANG_WARN_DOCUMENTATION_COMMENTS = YES;
				CLANG_WARN_EMPTY_BODY = YES;
				CLANG_WARN_ENUM_CONVERSION = YES;
				CLANG_WARN_INFINITE_RECURSION = YES;
				CLANG_WARN_INT_CONVERSION = YES;
				CLANG_WARN_NON_LITERAL_NULL_CONVERSION = YES;
				CLANG_WARN_OBJC_IMPLICIT_RETAIN_SELF = YES;
				CLANG_WARN_OBJC_LITERAL_CONVERSION = YES;
				CLANG_WARN_OBJC_ROOT_CLASS = YES_ERROR;
				CLANG_WARN_RANGE_LOOP_ANALYSIS = YES;
				CLANG_WARN_STRICT_PROTOTYPES = YES;
				CLANG_WARN_SUSPICIOUS_MOVE = YES;
				CLANG_WARN_UNGUARDED_AVAILABILITY = YES_AGGRESSIVE;
				CLANG_WARN_UNREACHABLE_CODE = YES;
				CLANG_WARN__DUPLICATE_METHOD_MATCH = YES;
				CODE_SIGN_IDENTITY = "iPhone Developer";
				COPY_PHASE_STRIP = NO;
				DEBUG_INFORMATION_FORMAT = dwarf;
				ENABLE_STRICT_OBJC_MSGSEND = YES;
				ENABLE_TESTABILITY = YES;
				GCC_C_LANGUAGE_STANDARD = gnu11;
				GCC_DYNAMIC_NO_PIC = NO;
				GCC_NO_COMMON_BLOCKS = YES;
				GCC_OPTIMIZATION_LEVEL = 0;
				GCC_PREPROCESSOR_DEFINITIONS = (
					"DEBUG=1",
					"$(inherited)",
				);
				GCC_WARN_64_TO_32_BIT_CONVERSION = YES;
				GCC_WARN_ABOUT_RETURN_TYPE = YES_ERROR;
				GCC_WARN_UNDECLARED_SELECTOR = YES;
				GCC_WARN_UNINITIALIZED_AUTOS = YES_AGGRESSIVE;
				GCC_WARN_UNUSED_FUNCTION = YES;
				GCC_WARN_UNUSED_VARIABLE = YES;
				IPHONEOS_DEPLOYMENT_TARGET = 12.1;
				MTL_ENABLE_DEBUG_INFO = INCLUDE_SOURCE;
				MTL_FAST_MATH = YES;
				ONLY_ACTIVE_ARCH = YES;
				SDKROOT = iphoneos;
				SWIFT_ACTIVE_COMPILATION_CONDITIONS = DEBUG;
				SWIFT_OPTIMIZATION_LEVEL = "-Onone";
			};
			name = Debug;
		};
		161AC89821DB6B090078F020 /* Release */ = {
			isa = XCBuildConfiguration;
			buildSettings = {
				ALWAYS_SEARCH_USER_PATHS = NO;
				CLANG_ANALYZER_NONNULL = YES;
				CLANG_ANALYZER_NUMBER_OBJECT_CONVERSION = YES_AGGRESSIVE;
				CLANG_CXX_LANGUAGE_STANDARD = "gnu++14";
				CLANG_CXX_LIBRARY = "libc++";
				CLANG_ENABLE_MODULES = YES;
				CLANG_ENABLE_OBJC_ARC = YES;
				CLANG_ENABLE_OBJC_WEAK = YES;
				CLANG_WARN_BLOCK_CAPTURE_AUTORELEASING = YES;
				CLANG_WARN_BOOL_CONVERSION = YES;
				CLANG_WARN_COMMA = YES;
				CLANG_WARN_CONSTANT_CONVERSION = YES;
				CLANG_WARN_DEPRECATED_OBJC_IMPLEMENTATIONS = YES;
				CLANG_WARN_DIRECT_OBJC_ISA_USAGE = YES_ERROR;
				CLANG_WARN_DOCUMENTATION_COMMENTS = YES;
				CLANG_WARN_EMPTY_BODY = YES;
				CLANG_WARN_ENUM_CONVERSION = YES;
				CLANG_WARN_INFINITE_RECURSION = YES;
				CLANG_WARN_INT_CONVERSION = YES;
				CLANG_WARN_NON_LITERAL_NULL_CONVERSION = YES;
				CLANG_WARN_OBJC_IMPLICIT_RETAIN_SELF = YES;
				CLANG_WARN_OBJC_LITERAL_CONVERSION = YES;
				CLANG_WARN_OBJC_ROOT_CLASS = YES_ERROR;
				CLANG_WARN_RANGE_LOOP_ANALYSIS = YES;
				CLANG_WARN_STRICT_PROTOTYPES = YES;
				CLANG_WARN_SUSPICIOUS_MOVE = YES;
				CLANG_WARN_UNGUARDED_AVAILABILITY = YES_AGGRESSIVE;
				CLANG_WARN_UNREACHABLE_CODE = YES;
				CLANG_WARN__DUPLICATE_METHOD_MATCH = YES;
				CODE_SIGN_IDENTITY = "iPhone Developer";
				COPY_PHASE_STRIP = NO;
				DEBUG_INFORMATION_FORMAT = "dwarf-with-dsym";
				ENABLE_NS_ASSERTIONS = NO;
				ENABLE_STRICT_OBJC_MSGSEND = YES;
				GCC_C_LANGUAGE_STANDARD = gnu11;
				GCC_NO_COMMON_BLOCKS = YES;
				GCC_WARN_64_TO_32_BIT_CONVERSION = YES;
				GCC_WARN_ABOUT_RETURN_TYPE = YES_ERROR;
				GCC_WARN_UNDECLARED_SELECTOR = YES;
				GCC_WARN_UNINITIALIZED_AUTOS = YES_AGGRESSIVE;
				GCC_WARN_UNUSED_FUNCTION = YES;
				GCC_WARN_UNUSED_VARIABLE = YES;
				IPHONEOS_DEPLOYMENT_TARGET = 12.1;
				MTL_ENABLE_DEBUG_INFO = NO;
				MTL_FAST_MATH = YES;
				SDKROOT = iphoneos;
				SWIFT_COMPILATION_MODE = wholemodule;
				SWIFT_OPTIMIZATION_LEVEL = "-O";
				VALIDATE_PRODUCT = YES;
			};
			name = Release;
		};
		161AC89A21DB6B090078F020 /* Debug */ = {
			isa = XCBuildConfiguration;
			baseConfigurationReference = B8E6DD092F96F67DA2F1F0EC /* Pods-MvvMcoord.debug.xcconfig */;
			buildSettings = {
				ASSETCATALOG_COMPILER_APPICON_NAME = AppIcon;
				CODE_SIGN_STYLE = Automatic;
				DEVELOPMENT_TEAM = 78S4SSQ86F;
				INFOPLIST_FILE = MvvMcoord/Info.plist;
				IPHONEOS_DEPLOYMENT_TARGET = 12.0;
				LD_RUNPATH_SEARCH_PATHS = (
					"$(inherited)",
					"@executable_path/Frameworks",
				);
				PRODUCT_BUNDLE_IDENTIFIER = com.garneteum.MvvMcoord;
				PRODUCT_NAME = "$(TARGET_NAME)";
				SWIFT_VERSION = 4.2;
				TARGETED_DEVICE_FAMILY = "1,2";
			};
			name = Debug;
		};
		161AC89B21DB6B090078F020 /* Release */ = {
			isa = XCBuildConfiguration;
			baseConfigurationReference = BCE88BC879F12E9AEF3AB711 /* Pods-MvvMcoord.release.xcconfig */;
			buildSettings = {
				ASSETCATALOG_COMPILER_APPICON_NAME = AppIcon;
				CODE_SIGN_STYLE = Automatic;
				DEVELOPMENT_TEAM = 78S4SSQ86F;
				INFOPLIST_FILE = MvvMcoord/Info.plist;
				IPHONEOS_DEPLOYMENT_TARGET = 12.0;
				LD_RUNPATH_SEARCH_PATHS = (
					"$(inherited)",
					"@executable_path/Frameworks",
				);
				PRODUCT_BUNDLE_IDENTIFIER = com.garneteum.MvvMcoord;
				PRODUCT_NAME = "$(TARGET_NAME)";
				SWIFT_VERSION = 4.2;
				TARGETED_DEVICE_FAMILY = "1,2";
			};
			name = Release;
		};
		161AC89D21DB6B090078F020 /* Debug */ = {
			isa = XCBuildConfiguration;
			baseConfigurationReference = 2A43DB55ABB791B22B7E0169 /* Pods-MvvMcoordTests.debug.xcconfig */;
			buildSettings = {
				ALWAYS_EMBED_SWIFT_STANDARD_LIBRARIES = YES;
				BUNDLE_LOADER = "$(TEST_HOST)";
				CODE_SIGN_STYLE = Automatic;
				DEVELOPMENT_TEAM = 78S4SSQ86F;
				INFOPLIST_FILE = MvvMcoordTests/Info.plist;
				LD_RUNPATH_SEARCH_PATHS = (
					"$(inherited)",
					"@executable_path/Frameworks",
					"@loader_path/Frameworks",
				);
				PRODUCT_BUNDLE_IDENTIFIER = com.garneteum.MvvMcoordTests;
				PRODUCT_NAME = "$(TARGET_NAME)";
				SWIFT_VERSION = 4.2;
				TARGETED_DEVICE_FAMILY = "1,2";
				TEST_HOST = "$(BUILT_PRODUCTS_DIR)/MvvMcoord.app/MvvMcoord";
			};
			name = Debug;
		};
		161AC89E21DB6B090078F020 /* Release */ = {
			isa = XCBuildConfiguration;
			baseConfigurationReference = 831B5AA6921E008C615BB963 /* Pods-MvvMcoordTests.release.xcconfig */;
			buildSettings = {
				ALWAYS_EMBED_SWIFT_STANDARD_LIBRARIES = YES;
				BUNDLE_LOADER = "$(TEST_HOST)";
				CODE_SIGN_STYLE = Automatic;
				DEVELOPMENT_TEAM = 78S4SSQ86F;
				INFOPLIST_FILE = MvvMcoordTests/Info.plist;
				LD_RUNPATH_SEARCH_PATHS = (
					"$(inherited)",
					"@executable_path/Frameworks",
					"@loader_path/Frameworks",
				);
				PRODUCT_BUNDLE_IDENTIFIER = com.garneteum.MvvMcoordTests;
				PRODUCT_NAME = "$(TARGET_NAME)";
				SWIFT_VERSION = 4.2;
				TARGETED_DEVICE_FAMILY = "1,2";
				TEST_HOST = "$(BUILT_PRODUCTS_DIR)/MvvMcoord.app/MvvMcoord";
			};
			name = Release;
		};
		161AC8A021DB6B090078F020 /* Debug */ = {
			isa = XCBuildConfiguration;
			baseConfigurationReference = 0E5592B96EFF73B37D27934F /* Pods-MvvMcoordUITests.debug.xcconfig */;
			buildSettings = {
				ALWAYS_EMBED_SWIFT_STANDARD_LIBRARIES = YES;
				CODE_SIGN_STYLE = Automatic;
				DEVELOPMENT_TEAM = 78S4SSQ86F;
				INFOPLIST_FILE = MvvMcoordUITests/Info.plist;
				LD_RUNPATH_SEARCH_PATHS = (
					"$(inherited)",
					"@executable_path/Frameworks",
					"@loader_path/Frameworks",
				);
				PRODUCT_BUNDLE_IDENTIFIER = com.garneteum.MvvMcoordUITests;
				PRODUCT_NAME = "$(TARGET_NAME)";
				SWIFT_VERSION = 4.2;
				TARGETED_DEVICE_FAMILY = "1,2";
				TEST_TARGET_NAME = MvvMcoord;
			};
			name = Debug;
		};
		161AC8A121DB6B090078F020 /* Release */ = {
			isa = XCBuildConfiguration;
			baseConfigurationReference = 64FFDAEAC1A833EBA5D55674 /* Pods-MvvMcoordUITests.release.xcconfig */;
			buildSettings = {
				ALWAYS_EMBED_SWIFT_STANDARD_LIBRARIES = YES;
				CODE_SIGN_STYLE = Automatic;
				DEVELOPMENT_TEAM = 78S4SSQ86F;
				INFOPLIST_FILE = MvvMcoordUITests/Info.plist;
				LD_RUNPATH_SEARCH_PATHS = (
					"$(inherited)",
					"@executable_path/Frameworks",
					"@loader_path/Frameworks",
				);
				PRODUCT_BUNDLE_IDENTIFIER = com.garneteum.MvvMcoordUITests;
				PRODUCT_NAME = "$(TARGET_NAME)";
				SWIFT_VERSION = 4.2;
				TARGETED_DEVICE_FAMILY = "1,2";
				TEST_TARGET_NAME = MvvMcoord;
			};
			name = Release;
		};
		161BCAA221F4E073005A7D38 /* Debug */ = {
			isa = XCBuildConfiguration;
			buildSettings = {
				BUNDLE_LOADER = "$(TEST_HOST)";
				CODE_SIGN_STYLE = Automatic;
				DEVELOPMENT_TEAM = 78S4SSQ86F;
				INFOPLIST_FILE = MvvMcoordTests2/Info.plist;
				LD_RUNPATH_SEARCH_PATHS = (
					"$(inherited)",
					"@executable_path/Frameworks",
					"@loader_path/Frameworks",
				);
				PRODUCT_BUNDLE_IDENTIFIER = com.garneteum.MvvMcoordTests2;
				PRODUCT_NAME = "$(TARGET_NAME)";
				SWIFT_VERSION = 4.2;
				TARGETED_DEVICE_FAMILY = "1,2";
				TEST_HOST = "$(BUILT_PRODUCTS_DIR)/MvvMcoord.app/MvvMcoord";
			};
			name = Debug;
		};
		161BCAA321F4E073005A7D38 /* Release */ = {
			isa = XCBuildConfiguration;
			buildSettings = {
				BUNDLE_LOADER = "$(TEST_HOST)";
				CODE_SIGN_STYLE = Automatic;
				DEVELOPMENT_TEAM = 78S4SSQ86F;
				INFOPLIST_FILE = MvvMcoordTests2/Info.plist;
				LD_RUNPATH_SEARCH_PATHS = (
					"$(inherited)",
					"@executable_path/Frameworks",
					"@loader_path/Frameworks",
				);
				PRODUCT_BUNDLE_IDENTIFIER = com.garneteum.MvvMcoordTests2;
				PRODUCT_NAME = "$(TARGET_NAME)";
				SWIFT_VERSION = 4.2;
				TARGETED_DEVICE_FAMILY = "1,2";
				TEST_HOST = "$(BUILT_PRODUCTS_DIR)/MvvMcoord.app/MvvMcoord";
			};
			name = Release;
		};
/* End XCBuildConfiguration section */

/* Begin XCConfigurationList section */
		161AC86C21DB6B080078F020 /* Build configuration list for PBXProject "MvvMcoord" */ = {
			isa = XCConfigurationList;
			buildConfigurations = (
				161AC89721DB6B090078F020 /* Debug */,
				161AC89821DB6B090078F020 /* Release */,
			);
			defaultConfigurationIsVisible = 0;
			defaultConfigurationName = Release;
		};
		161AC89921DB6B090078F020 /* Build configuration list for PBXNativeTarget "MvvMcoord" */ = {
			isa = XCConfigurationList;
			buildConfigurations = (
				161AC89A21DB6B090078F020 /* Debug */,
				161AC89B21DB6B090078F020 /* Release */,
			);
			defaultConfigurationIsVisible = 0;
			defaultConfigurationName = Release;
		};
		161AC89C21DB6B090078F020 /* Build configuration list for PBXNativeTarget "MvvMcoordTests" */ = {
			isa = XCConfigurationList;
			buildConfigurations = (
				161AC89D21DB6B090078F020 /* Debug */,
				161AC89E21DB6B090078F020 /* Release */,
			);
			defaultConfigurationIsVisible = 0;
			defaultConfigurationName = Release;
		};
		161AC89F21DB6B090078F020 /* Build configuration list for PBXNativeTarget "MvvMcoordUITests" */ = {
			isa = XCConfigurationList;
			buildConfigurations = (
				161AC8A021DB6B090078F020 /* Debug */,
				161AC8A121DB6B090078F020 /* Release */,
			);
			defaultConfigurationIsVisible = 0;
			defaultConfigurationName = Release;
		};
		161BCAA421F4E073005A7D38 /* Build configuration list for PBXNativeTarget "MvvMcoordTests2" */ = {
			isa = XCConfigurationList;
			buildConfigurations = (
				161BCAA221F4E073005A7D38 /* Debug */,
				161BCAA321F4E073005A7D38 /* Release */,
			);
			defaultConfigurationIsVisible = 0;
			defaultConfigurationName = Release;
		};
/* End XCConfigurationList section */
	};
	rootObject = 161AC86921DB6B080078F020 /* Project object */;
}
